<?xml version="1.0" encoding="utf-8"?>
<Project ToolsVersion="4.0" xmlns="http://schemas.microsoft.com/developer/msbuild/2003">
  <ItemGroup>
    <Filter Include="소스 파일">
      <UniqueIdentifier>{4FC737F1-C7A5-4376-A066-2A32D752A2FF}</UniqueIdentifier>
      <Extensions>cpp;c;cc;cxx;c++;cppm;ixx;def;odl;idl;hpj;bat;asm;asmx</Extensions>
    </Filter>
    <Filter Include="헤더 파일">
      <UniqueIdentifier>{93995380-89BD-4b04-88EB-625FBE52EBFB}</UniqueIdentifier>
      <Extensions>h;hh;hpp;hxx;h++;hm;inl;inc;ipp;xsd</Extensions>
    </Filter>
    <Filter Include="리소스 파일">
      <UniqueIdentifier>{67DA6AB6-F800-4c08-8B7A-83BB121AAD01}</UniqueIdentifier>
      <Extensions>rc;ico;cur;bmp;dlg;rc2;rct;bin;rgs;gif;jpg;jpeg;jpe;resx;tiff;tif;png;wav;mfcribbon-ms</Extensions>
    </Filter>
    <Filter Include="소스 파일\DataStructureEx1">
      <UniqueIdentifier>{3c395e7d-29f0-4a6a-b3fa-89b8c4cc5d85}</UniqueIdentifier>
    </Filter>
    <Filter Include="소스 파일\DataStructureEx1\Header">
      <UniqueIdentifier>{d457d3e0-769a-4dda-80b8-b9a3709a6cc7}</UniqueIdentifier>
    </Filter>
    <Filter Include="소스 파일\DataStructureEx1\ImplementionClass">
      <UniqueIdentifier>{66538fd3-6227-4239-9fb7-a9e6613231c7}</UniqueIdentifier>
    </Filter>
    <Filter Include="소스 파일\DataStructureSLL">
      <UniqueIdentifier>{c975f23b-e34c-4373-8044-47d851d8a701}</UniqueIdentifier>
    </Filter>
    <Filter Include="소스 파일\DataStructureSLL\ImplementionClass">
      <UniqueIdentifier>{9826f90a-2d43-4393-bbf3-0c486f4fc31a}</UniqueIdentifier>
    </Filter>
    <Filter Include="소스 파일\DataStructureSLL\Header">
      <UniqueIdentifier>{369da22d-56e1-475a-b326-1a6bc23ed092}</UniqueIdentifier>
    </Filter>
    <Filter Include="소스 파일\DataStructureDLL">
      <UniqueIdentifier>{efdd7e16-114a-4dfb-be81-34f76016bb91}</UniqueIdentifier>
    </Filter>
    <Filter Include="소스 파일\DataStructureDLL\Header">
      <UniqueIdentifier>{aceb43b9-9943-4676-9536-e571dc1eda3d}</UniqueIdentifier>
    </Filter>
    <Filter Include="소스 파일\DataStructureDLL\ImplementionClass">
      <UniqueIdentifier>{44207f77-25c2-42f0-933b-bfee2ca72ecf}</UniqueIdentifier>
    </Filter>
    <Filter Include="소스 파일\DataStructureSLLStack">
      <UniqueIdentifier>{1c22a043-e0db-4b2c-b587-85b22112beca}</UniqueIdentifier>
    </Filter>
    <Filter Include="소스 파일\DataStructureSLLStack\Header">
      <UniqueIdentifier>{362b0dea-24f2-4d10-bc40-e91bd3644095}</UniqueIdentifier>
    </Filter>
    <Filter Include="소스 파일\DataStructureSLLStack\ImplementionClass">
      <UniqueIdentifier>{824dd1ad-48c0-4303-9d65-3c8092b30824}</UniqueIdentifier>
    </Filter>
  </ItemGroup>
  <ItemGroup>
    <ClCompile Include="GameEntry.cpp">
      <Filter>소스 파일\DataStructureEx1\ImplementionClass</Filter>
    </ClCompile>
    <ClCompile Include="Scores.cpp">
      <Filter>소스 파일\DataStructureEx1\ImplementionClass</Filter>
    </ClCompile>
    <ClCompile Include="TestDriver_EX1.cpp">
      <Filter>소스 파일\DataStructureEx1</Filter>
    </ClCompile>
    <ClCompile Include="TestDriver_EX2.cpp">
      <Filter>소스 파일\DataStructureSLL</Filter>
    </ClCompile>
    <ClCompile Include="SingleLL.cpp">
      <Filter>소스 파일\DataStructureSLL\ImplementionClass</Filter>
    </ClCompile>
    <ClCompile Include="GameEntry.h">
      <Filter>소스 파일\DataStructureEx1\Header</Filter>
    </ClCompile>
    <ClCompile Include="DLLTestDriver.cpp">
      <Filter>소스 파일\DataStructureDLL</Filter>
    </ClCompile>
    <ClCompile Include="DLinkedList.cpp">
      <Filter>소스 파일\DataStructureDLL\ImplementionClass</Filter>
    </ClCompile>
    <ClCompile Include="SLLStackDriver.cpp">
      <Filter>소스 파일\DataStructureSLLStack</Filter>
    </ClCompile>
    <ClCompile Include="SLLStack.cpp">
      <Filter>소스 파일\DataStructureSLLStack\ImplementionClass</Filter>
    </ClCompile>
  </ItemGroup>
  <ItemGroup>
    <ClInclude Include="SNode.h">
      <Filter>소스 파일\DataStructureSLL\Header</Filter>
    </ClInclude>
    <ClInclude Include="SingleLL.h">
      <Filter>소스 파일\DataStructureSLL\Header</Filter>
    </ClInclude>
    <ClInclude Include="Scores.h">
      <Filter>소스 파일\DataStructureEx1\Header</Filter>
    </ClInclude>
    <ClInclude Include="DNodeEx.h">
      <Filter>소스 파일\DataStructureDLL\Header</Filter>
    </ClInclude>
    <ClInclude Include="DLinkedList.h">
      <Filter>소스 파일\DataStructureDLL\Header</Filter>
    </ClInclude>
    <ClInclude Include="SLLStack.h">
      <Filter>소스 파일\DataStructureSLLStack\Header</Filter>
    </ClInclude>
  </ItemGroup>
</Project>