<?xml version="1.0" encoding="utf-8"?>
<Project ToolsVersion="4.0" xmlns="http://schemas.microsoft.com/developer/msbuild/2003">
  <ItemGroup>
    <Filter Include="소스 파일">
      <UniqueIdentifier>{4FC737F1-C7A5-4376-A066-2A32D752A2FF}</UniqueIdentifier>
      <Extensions>cpp;c;cc;cxx;c++;cppm;ixx;def;odl;idl;hpj;bat;asm;asmx</Extensions>
    </Filter>
    <Filter Include="헤더 파일">
      <UniqueIdentifier>{93995380-89BD-4b04-88EB-625FBE52EBFB}</UniqueIdentifier>
      <Extensions>h;hh;hpp;hxx;h++;hm;inl;inc;ipp;xsd</Extensions>
    </Filter>
    <Filter Include="리소스 파일">
      <UniqueIdentifier>{67DA6AB6-F800-4c08-8B7A-83BB121AAD01}</UniqueIdentifier>
      <Extensions>rc;ico;cur;bmp;dlg;rc2;rct;bin;rgs;gif;jpg;jpeg;jpe;resx;tiff;tif;png;wav;mfcribbon-ms</Extensions>
    </Filter>
    <Filter Include="소스 파일\DataStructureEx1">
      <UniqueIdentifier>{3c395e7d-29f0-4a6a-b3fa-89b8c4cc5d85}</UniqueIdentifier>
    </Filter>
    <Filter Include="소스 파일\DataStructureEx1\Header">
      <UniqueIdentifier>{d457d3e0-769a-4dda-80b8-b9a3709a6cc7}</UniqueIdentifier>
    </Filter>
    <Filter Include="소스 파일\DataStructureEx1\ImplementionClass">
      <UniqueIdentifier>{66538fd3-6227-4239-9fb7-a9e6613231c7}</UniqueIdentifier>
    </Filter>
  </ItemGroup>
  <ItemGroup>
    <ClCompile Include="GAMEENTRY.h">
      <Filter>소스 파일\DataStructureEx1\Header</Filter>
    </ClCompile>
    <ClCompile Include="GameEntry.cpp">
      <Filter>소스 파일\DataStructureEx1\ImplementionClass</Filter>
    </ClCompile>
    <ClCompile Include="Scores.cpp">
      <Filter>소스 파일\DataStructureEx1\ImplementionClass</Filter>
    </ClCompile>
    <ClCompile Include="TestDriver.cpp">
      <Filter>소스 파일\DataStructureEx1</Filter>
    </ClCompile>
  </ItemGroup>
  <ItemGroup>
    <ClInclude Include="SCORES.h">
      <Filter>소스 파일\DataStructureEx1\Header</Filter>
    </ClInclude>
  </ItemGroup>
</Project>